
Microsoft Visual Studio Solution File, Format Version 12.00
# Visual Studio 14
VisualStudioVersion = 14.0.25123.0
MinimumVisualStudioVersion = 10.0.40219.1
Project("{2150E333-8FDC-42A3-9474-1A3956D46DE8}") = "1 - Presentation", "1 - Presentation", "{F76F49A4-5A0E-487B-BBEF-070DB72FE4CD}"
EndProject
Project("{2150E333-8FDC-42A3-9474-1A3956D46DE8}") = "2 - Services", "2 - Services", "{78E6212D-C693-4388-95B5-BBFD70E8164D}"
EndProject
Project("{2150E333-8FDC-42A3-9474-1A3956D46DE8}") = "3 - Application", "3 - Application", "{97B2F44F-57C1-4C7F-A23C-71428C094CD0}"
EndProject
Project("{2150E333-8FDC-42A3-9474-1A3956D46DE8}") = "4 - Domain", "4 - Domain", "{5CA24392-8AE0-47B9-B0B0-D5A6B5A67A10}"
EndProject
Project("{2150E333-8FDC-42A3-9474-1A3956D46DE8}") = "5 - Infra", "5 - Infra", "{F2392721-4E6A-4850-8E62-67E4D44E485B}"
EndProject
Project("{FAE04EC0-301F-11D3-BF4B-00C04F79EFBC}") = "Mastermind.Domain", "Mastermind.Domain\Mastermind.Domain.csproj", "{44A91A95-78BF-49D3-B285-B784D974CF1D}"
EndProject
Project("{FAE04EC0-301F-11D3-BF4B-00C04F79EFBC}") = "Mastermind.Domain.Tests", "Mastermind.Domain.Tests\Mastermind.Domain.Tests.csproj", "{81A786A8-4AA6-46AA-8F35-7E3933FFB179}"
EndProject
Project("{FAE04EC0-301F-11D3-BF4B-00C04F79EFBC}") = "Mastermind.Application", "Mastermind.Application\Mastermind.Application.csproj", "{F2AF0A6C-DCFE-468D-B395-04EA36464FF1}"
EndProject
Project("{FAE04EC0-301F-11D3-BF4B-00C04F79EFBC}") = "Mastermind.MVC", "Mastermind.MVC\Mastermind.MVC.csproj", "{0E615DF0-474D-4B29-B774-32E23C62C858}"
EndProject
Project("{FAE04EC0-301F-11D3-BF4B-00C04F79EFBC}") = "Mastermind.Infra", "Mastermind.Infra\Mastermind.Infra.csproj", "{A2CF4F5B-BA56-4358-8C04-95B1C788F3F6}"
EndProject
Global
	GlobalSection(SolutionConfigurationPlatforms) = preSolution
		Debug|Any CPU = Debug|Any CPU
		Release|Any CPU = Release|Any CPU
	EndGlobalSection
	GlobalSection(ProjectConfigurationPlatforms) = postSolution
		{44A91A95-78BF-49D3-B285-B784D974CF1D}.Debug|Any CPU.ActiveCfg = Debug|Any CPU
		{44A91A95-78BF-49D3-B285-B784D974CF1D}.Debug|Any CPU.Build.0 = Debug|Any CPU
		{44A91A95-78BF-49D3-B285-B784D974CF1D}.Release|Any CPU.ActiveCfg = Release|Any CPU
		{44A91A95-78BF-49D3-B285-B784D974CF1D}.Release|Any CPU.Build.0 = Release|Any CPU
		{81A786A8-4AA6-46AA-8F35-7E3933FFB179}.Debug|Any CPU.ActiveCfg = Debug|Any CPU
		{81A786A8-4AA6-46AA-8F35-7E3933FFB179}.Debug|Any CPU.Build.0 = Debug|Any CPU
		{81A786A8-4AA6-46AA-8F35-7E3933FFB179}.Release|Any CPU.ActiveCfg = Release|Any CPU
		{81A786A8-4AA6-46AA-8F35-7E3933FFB179}.Release|Any CPU.Build.0 = Release|Any CPU
		{F2AF0A6C-DCFE-468D-B395-04EA36464FF1}.Debug|Any CPU.ActiveCfg = Debug|Any CPU
		{F2AF0A6C-DCFE-468D-B395-04EA36464FF1}.Debug|Any CPU.Build.0 = Debug|Any CPU
		{F2AF0A6C-DCFE-468D-B395-04EA36464FF1}.Release|Any CPU.ActiveCfg = Release|Any CPU
		{F2AF0A6C-DCFE-468D-B395-04EA36464FF1}.Release|Any CPU.Build.0 = Release|Any CPU
		{0E615DF0-474D-4B29-B774-32E23C62C858}.Debug|Any CPU.ActiveCfg = Debug|Any CPU
		{0E615DF0-474D-4B29-B774-32E23C62C858}.Debug|Any CPU.Build.0 = Debug|Any CPU
		{0E615DF0-474D-4B29-B774-32E23C62C858}.Release|Any CPU.ActiveCfg = Release|Any CPU
		{0E615DF0-474D-4B29-B774-32E23C62C858}.Release|Any CPU.Build.0 = Release|Any CPU
		{A2CF4F5B-BA56-4358-8C04-95B1C788F3F6}.Debug|Any CPU.ActiveCfg = Debug|Any CPU
		{A2CF4F5B-BA56-4358-8C04-95B1C788F3F6}.Debug|Any CPU.Build.0 = Debug|Any CPU
		{A2CF4F5B-BA56-4358-8C04-95B1C788F3F6}.Release|Any CPU.ActiveCfg = Release|Any CPU
		{A2CF4F5B-BA56-4358-8C04-95B1C788F3F6}.Release|Any CPU.Build.0 = Release|Any CPU
	EndGlobalSection
	GlobalSection(SolutionProperties) = preSolution
		HideSolutionNode = FALSE
	EndGlobalSection
	GlobalSection(NestedProjects) = preSolution
		{44A91A95-78BF-49D3-B285-B784D974CF1D} = {5CA24392-8AE0-47B9-B0B0-D5A6B5A67A10}
		{81A786A8-4AA6-46AA-8F35-7E3933FFB179} = {5CA24392-8AE0-47B9-B0B0-D5A6B5A67A10}
		{F2AF0A6C-DCFE-468D-B395-04EA36464FF1} = {97B2F44F-57C1-4C7F-A23C-71428C094CD0}
		{0E615DF0-474D-4B29-B774-32E23C62C858} = {F76F49A4-5A0E-487B-BBEF-070DB72FE4CD}
		{A2CF4F5B-BA56-4358-8C04-95B1C788F3F6} = {F2392721-4E6A-4850-8E62-67E4D44E485B}
	EndGlobalSection
EndGlobal
